<?xml version="1.0" encoding="utf-8"?>
<Project ToolsVersion="4.0" xmlns="http://schemas.microsoft.com/developer/msbuild/2003">
  <ItemGroup>
    <Filter Include="Source Files">
      <UniqueIdentifier>{8230ce26-0089-4b77-81cf-3a45a6003f5c}</UniqueIdentifier>
      <Extensions>cpp;c;cxx;rc;def;r;odl;hpj;bat;for;f90</Extensions>
    </Filter>
    <Filter Include="Header Files">
      <UniqueIdentifier>{cfea3f85-0d13-41a6-aa81-37685953689e}</UniqueIdentifier>
      <Extensions>h;hpp;hxx;hm;inl;fi;fd</Extensions>
    </Filter>
    <Filter Include="Resource Files">
      <UniqueIdentifier>{75f1b6f9-69c8-4bf7-a667-39badb5d5f1c}</UniqueIdentifier>
      <Extensions>ico;cur;bmp;dlg;rc2;rct;bin;cnt;rtf;gif;jpg;jpeg;jpe</Extensions>
    </Filter>
  </ItemGroup>
  <ItemGroup>
    <ClCompile Include="RSPiX\Src\GREEN\BLiT\alphablit.cpp">
      <Filter>Source Files</Filter>
    </ClCompile>
    <ClCompile Include="RSPiX\Src\GREEN\BLiT\BLIT.CPP">
      <Filter>Source Files</Filter>
    </ClCompile>
    <ClCompile Include="RSPiX\Src\GREEN\BLiT\BLITINIT.CPP">
      <Filter>Source Files</Filter>
    </ClCompile>
    <ClCompile Include="RSPiX\Src\GREEN\BLiT\BLiTT.cpp">
      <Filter>Source Files</Filter>
    </ClCompile>
    <ClCompile Include="RSPiX\Src\GREEN\BLiT\CFNT.cpp">
      <Filter>Source Files</Filter>
    </ClCompile>
    <ClCompile Include="RSPiX\Src\GREEN\BLiT\Fspr1.cpp">
      <Filter>Source Files</Filter>
    </ClCompile>
    <ClCompile Include="RSPiX\Src\GREEN\BLiT\FSPR8.cpp">
      <Filter>Source Files</Filter>
    </ClCompile>
    <ClCompile Include="RSPiX\Src\GREEN\BLiT\line.cpp">
      <Filter>Source Files</Filter>
    </ClCompile>
    <ClCompile Include="RSPiX\Src\GREEN\BLiT\mono.cpp">
      <Filter>Source Files</Filter>
    </ClCompile>
    <ClCompile Include="RSPiX\Src\GREEN\BLiT\Rotate96.cpp">
      <Filter>Source Files</Filter>
    </ClCompile>
    <ClCompile Include="RSPiX\Src\GREEN\BLiT\RPrint.cpp">
      <Filter>Source Files</Filter>
    </ClCompile>
    <ClCompile Include="RSPiX\Src\GREEN\BLiT\ScaleFlat.cpp">
      <Filter>Source Files</Filter>
    </ClCompile>
  </ItemGroup>
  <ItemGroup>
    <ClInclude Include="RSPiX\Src\green\blit\alphablit.h">
      <Filter>Header Files</Filter>
    </ClInclude>
    <ClInclude Include="RSPiX\Src\GREEN\BLIT\BLiT.H">
      <Filter>Header Files</Filter>
    </ClInclude>
    <ClInclude Include="RSPiX\Src\green\blit\cfnt.h">
      <Filter>Header Files</Filter>
    </ClInclude>
    <ClInclude Include="RSPiX\Src\green\blit\rprint.h">
      <Filter>Header Files</Filter>
    </ClInclude>
  </ItemGroup>
</Project>