<?xml version="1.0" encoding="utf-8"?>
<Project ToolsVersion="4.0" xmlns="http://schemas.microsoft.com/developer/msbuild/2003">
  <ItemGroup>
    <Filter Include="Source Files">
      <UniqueIdentifier>{40e0e79e-b586-45c2-8695-56a69340eb8d}</UniqueIdentifier>
      <Extensions>cpp;c;cxx;rc;def;r;odl;hpj;bat;for;f90</Extensions>
    </Filter>
    <Filter Include="Header Files">
      <UniqueIdentifier>{ac0c5d47-88bd-496e-b389-8b6903959ded}</UniqueIdentifier>
      <Extensions>h;hpp;hxx;hm;inl;fi;fd</Extensions>
    </Filter>
    <Filter Include="Resource Files">
      <UniqueIdentifier>{fb97a68f-8eb1-440c-af0f-b90e4bdbf941}</UniqueIdentifier>
      <Extensions>ico;cur;bmp;dlg;rc2;rct;bin;cnt;rtf;gif;jpg;jpeg;jpe</Extensions>
    </Filter>
  </ItemGroup>
  <ItemGroup>
    <ClCompile Include="WishPiX\Menu\menu.cpp">
      <Filter>Source Files</Filter>
    </ClCompile>
    <ClCompile Include="WishPiX\Prefs\prefline.cpp">
      <Filter>Source Files</Filter>
    </ClCompile>
    <ClCompile Include="WishPiX\Prefs\prefs.cpp">
      <Filter>Source Files</Filter>
    </ClCompile>
    <ClCompile Include="WishPiX\ResourceManager\resmgr.cpp">
      <Filter>Source Files</Filter>
    </ClCompile>
    <ClCompile Include="WishPiX\Spry\spry.cpp">
      <Filter>Source Files</Filter>
    </ClCompile>
  </ItemGroup>
  <ItemGroup>
    <ClInclude Include="WishPiX\Menu\menu.h">
      <Filter>Header Files</Filter>
    </ClInclude>
    <ClInclude Include="WishPiX\Prefs\prefline.h">
      <Filter>Header Files</Filter>
    </ClInclude>
    <ClInclude Include="WishPiX\Prefs\prefs.h">
      <Filter>Header Files</Filter>
    </ClInclude>
    <ClInclude Include="WishPiX\ResourceManager\resmgr.h">
      <Filter>Header Files</Filter>
    </ClInclude>
    <ClInclude Include="WishPiX\Spry\spry.h">
      <Filter>Header Files</Filter>
    </ClInclude>
  </ItemGroup>
</Project>